
Microsoft Visual Studio Solution File, Format Version 11.00
# Visual Studio 2010
Project("{FAE04EC0-301F-11D3-BF4B-00C04F79EFBC}") = "insert-data", "insert-data.csproj", "{786E18E7-F3EB-434C-A278-7CD475603215}"
EndProject
Project("{2150E333-8FDC-42A3-9474-1A3956D46DE8}") = ".nuget", ".nuget", "{ECD4FCAF-0BE5-40D9-AF7F-A2DE5C82F123}"
	ProjectSection(SolutionItems) = preProject
		.nuget\NuGet.Config = .nuget\NuGet.Config
		.nuget\nuget.exe = .nuget\nuget.exe
		.nuget\NuGet.targets = .nuget\NuGet.targets
	EndProjectSection
EndProject
Global
	GlobalSection(SolutionConfigurationPlatforms) = preSolution
		Debug|x86 = Debug|x86
		Release|x86 = Release|x86
	EndGlobalSection
	GlobalSection(ProjectConfigurationPlatforms) = postSolution
		{786E18E7-F3EB-434C-A278-7CD475603215}.Debug|x86.ActiveCfg = Debug|x86
		{786E18E7-F3EB-434C-A278-7CD475603215}.Debug|x86.Build.0 = Debug|x86
		{786E18E7-F3EB-434C-A278-7CD475603215}.Release|x86.ActiveCfg = Release|x86
		{786E18E7-F3EB-434C-A278-7CD475603215}.Release|x86.Build.0 = Release|x86
	EndGlobalSection
	GlobalSection(SolutionProperties) = preSolution
		HideSolutionNode = FALSE
	EndGlobalSection
EndGlobal
